// !$*UTF8*$!
{
	archiveVersion = 1;
	classes = {
	};
	objectVersion = 56;
	objects = {

/* Begin PBXBuildFile section */
		D30800AD2A0743000068D4D1 /* SidebarView.swift in Sources */ = {isa = PBXBuildFile; fileRef = D30800AC2A0743000068D4D1 /* SidebarView.swift */; };
		D30AE1532AA9595F00FDB655 /* StarRatingView.swift in Sources */ = {isa = PBXBuildFile; fileRef = D30AE1522AA9595F00FDB655 /* StarRatingView.swift */; };
		D319ACF229EC56B200998371 /* Localizable.strings in Resources */ = {isa = PBXBuildFile; fileRef = D319ACF129EC56B200998371 /* Localizable.strings */; };
		D330E7222A00805C00011782 /* prettyShadow.swift in Sources */ = {isa = PBXBuildFile; fileRef = D330E7212A00805C00011782 /* prettyShadow.swift */; };
		D332AF4929E6EB0000ADD896 /* GameCoverView.swift in Sources */ = {isa = PBXBuildFile; fileRef = D332AF4829E6EB0000ADD896 /* GameCoverView.swift */; };
		D3384A1229E988AF00586931 /* CachedAsyncImage in Frameworks */ = {isa = PBXBuildFile; productRef = D3384A1129E988AF00586931 /* CachedAsyncImage */; };
		D3390C502AA679DE00A93C72 /* ImgMaskRect.swift in Sources */ = {isa = PBXBuildFile; fileRef = D3390C4F2AA679DE00A93C72 /* ImgMaskRect.swift */; };
		D33CBEE729E83C83007531DB /* SettingsView.swift in Sources */ = {isa = PBXBuildFile; fileRef = D33CBEE629E83C83007531DB /* SettingsView.swift */; };
		D34CC7382A91AA7300DF363F /* AboutView.swift in Sources */ = {isa = PBXBuildFile; fileRef = D34CC7372A91AA7300DF363F /* AboutView.swift */; };
		D34F147C2AD62F2700D1EA98 /* NewGameView.swift in Sources */ = {isa = PBXBuildFile; fileRef = D34F147B2AD62F2700D1EA98 /* NewGameView.swift */; };
		D35785BB29F98FE90065493F /* FolderView.swift in Sources */ = {isa = PBXBuildFile; fileRef = D35785BA29F98FE90065493F /* FolderView.swift */; };
		D35F9AB02A9AFD3A00AFEDAC /* gameExistsInCollection.swift in Sources */ = {isa = PBXBuildFile; fileRef = D35F9AAE2A9AFD3A00AFEDAC /* gameExistsInCollection.swift */; };
		D35F9AB12A9AFD3A00AFEDAC /* formatDate.swift in Sources */ = {isa = PBXBuildFile; fileRef = D35F9AAF2A9AFD3A00AFEDAC /* formatDate.swift */; };
		D35F9AB42A9B8B7E00AFEDAC /* QuestKit in Frameworks */ = {isa = PBXBuildFile; productRef = D35F9AB32A9B8B7E00AFEDAC /* QuestKit */; };
		D38E663D2A97A1300030026F /* MarkdownUI in Frameworks */ = {isa = PBXBuildFile; productRef = D38E663C2A97A1300030026F /* MarkdownUI */; };
		D39DDA0E29FD83FA001FB62C /* Appearance.swift in Sources */ = {isa = PBXBuildFile; fileRef = D39DDA0D29FD83FA001FB62C /* Appearance.swift */; };
		D3A24C162AAA6B9700583E47 /* PopupView in Frameworks */ = {isa = PBXBuildFile; productRef = D3A24C152AAA6B9700583E47 /* PopupView */; };
		D3A362392AACC834008B997C /* sortGames.swift in Sources */ = {isa = PBXBuildFile; fileRef = D3A362382AACC834008B997C /* sortGames.swift */; };
		D3A3623B2AACC8A1008B997C /* getRandomGame.swift in Sources */ = {isa = PBXBuildFile; fileRef = D3A3623A2AACC8A1008B997C /* getRandomGame.swift */; };
		D3A3623D2AACCBA3008B997C /* codableArray.swift in Sources */ = {isa = PBXBuildFile; fileRef = D3A3623C2AACCBA3008B997C /* codableArray.swift */; };
		D3A362402AACCD0E008B997C /* isValidStatus.swift in Sources */ = {isa = PBXBuildFile; fileRef = D3A3623F2AACCD0E008B997C /* isValidStatus.swift */; };
		D3A362422AACCD6C008B997C /* setFilteredGames.swift in Sources */ = {isa = PBXBuildFile; fileRef = D3A362412AACCD6C008B997C /* setFilteredGames.swift */; };
		D3AC823E2A8A908200E0784F /* API.swift in Sources */ = {isa = PBXBuildFile; fileRef = D3AC823D2A8A908200E0784F /* API.swift */; };
		D3AE29ED29E4BDB1000CA2D4 /* GameBuddyApp.swift in Sources */ = {isa = PBXBuildFile; fileRef = D3AE29EC29E4BDB1000CA2D4 /* GameBuddyApp.swift */; };
		D3AE29F129E4BDB2000CA2D4 /* Assets.xcassets in Resources */ = {isa = PBXBuildFile; fileRef = D3AE29F029E4BDB2000CA2D4 /* Assets.xcassets */; };
		D3AE29F429E4BDB2000CA2D4 /* Preview Assets.xcassets in Resources */ = {isa = PBXBuildFile; fileRef = D3AE29F329E4BDB2000CA2D4 /* Preview Assets.xcassets */; };
		D3BF03972AABAC8600BC03EA /* PlatformPickerView.swift in Sources */ = {isa = PBXBuildFile; fileRef = D3BF03962AABAC8600BC03EA /* PlatformPickerView.swift */; };
		D3C2E8B62A966E6100566E0B /* MenuBar.swift in Sources */ = {isa = PBXBuildFile; fileRef = D3C2E8B52A966E6100566E0B /* MenuBar.swift */; };
		D3CB948D2A9D688200CE27C2 /* Library.swift in Sources */ = {isa = PBXBuildFile; fileRef = D3CB948C2A9D688200CE27C2 /* Library.swift */; };
		D3CE56AF2A93A7A400EA71EF /* EditGameView.swift in Sources */ = {isa = PBXBuildFile; fileRef = D3CE56AE2A93A7A400EA71EF /* EditGameView.swift */; };
		D3D817CB29E6BC1000C010A1 /* SearchView.swift in Sources */ = {isa = PBXBuildFile; fileRef = D3D817CA29E6BC1000C010A1 /* SearchView.swift */; };
		D3D817CD29E6BCEF00C010A1 /* GameDetailView.swift in Sources */ = {isa = PBXBuildFile; fileRef = D3D817CC29E6BCEF00C010A1 /* GameDetailView.swift */; };
		D3F9342B29FAA3890046585A /* StatusMenuView.swift in Sources */ = {isa = PBXBuildFile; fileRef = D3F9342A29FAA3890046585A /* StatusMenuView.swift */; };
		D3F9342E29FAAE6D0046585A /* ContentView.swift in Sources */ = {isa = PBXBuildFile; fileRef = D3F9342D29FAAE6D0046585A /* ContentView.swift */; };
		D3F9343129FAAEBC0046585A /* Collection.swift in Sources */ = {isa = PBXBuildFile; fileRef = D3F9343029FAAEBC0046585A /* Collection.swift */; };
		D3F9343329FAAF0B0046585A /* GlobalState.swift in Sources */ = {isa = PBXBuildFile; fileRef = D3F9343229FAAF0B0046585A /* GlobalState.swift */; };
/* End PBXBuildFile section */

/* Begin PBXFileReference section */
		D30800AC2A0743000068D4D1 /* SidebarView.swift */ = {isa = PBXFileReference; fileEncoding = 4; lastKnownFileType = sourcecode.swift; path = SidebarView.swift; sourceTree = "<group>"; };
		D30AE1522AA9595F00FDB655 /* StarRatingView.swift */ = {isa = PBXFileReference; lastKnownFileType = sourcecode.swift; path = StarRatingView.swift; sourceTree = "<group>"; };
		D319ACF129EC56B200998371 /* Localizable.strings */ = {isa = PBXFileReference; lastKnownFileType = text.plist.strings; name = Localizable.strings; path = "Game Buddy/Localizable.strings"; sourceTree = SOURCE_ROOT; };
		D330E7212A00805C00011782 /* prettyShadow.swift */ = {isa = PBXFileReference; lastKnownFileType = sourcecode.swift; path = prettyShadow.swift; sourceTree = "<group>"; };
		D332AF4829E6EB0000ADD896 /* GameCoverView.swift */ = {isa = PBXFileReference; lastKnownFileType = sourcecode.swift; path = GameCoverView.swift; sourceTree = "<group>"; };
		D3390C4F2AA679DE00A93C72 /* ImgMaskRect.swift */ = {isa = PBXFileReference; lastKnownFileType = sourcecode.swift; path = ImgMaskRect.swift; sourceTree = "<group>"; };
		D33CBEE629E83C83007531DB /* SettingsView.swift */ = {isa = PBXFileReference; lastKnownFileType = sourcecode.swift; path = SettingsView.swift; sourceTree = "<group>"; };
		D34CC7372A91AA7300DF363F /* AboutView.swift */ = {isa = PBXFileReference; fileEncoding = 4; lastKnownFileType = sourcecode.swift; path = AboutView.swift; sourceTree = "<group>"; };
		D34F147B2AD62F2700D1EA98 /* NewGameView.swift */ = {isa = PBXFileReference; lastKnownFileType = sourcecode.swift; path = NewGameView.swift; sourceTree = "<group>"; };
		D35785BA29F98FE90065493F /* FolderView.swift */ = {isa = PBXFileReference; lastKnownFileType = sourcecode.swift; path = FolderView.swift; sourceTree = "<group>"; };
		D35F9AAE2A9AFD3A00AFEDAC /* gameExistsInCollection.swift */ = {isa = PBXFileReference; fileEncoding = 4; lastKnownFileType = sourcecode.swift; path = gameExistsInCollection.swift; sourceTree = "<group>"; };
		D35F9AAF2A9AFD3A00AFEDAC /* formatDate.swift */ = {isa = PBXFileReference; fileEncoding = 4; lastKnownFileType = sourcecode.swift; path = formatDate.swift; sourceTree = "<group>"; };
		D397BC212A9A552A00FB8963 /* QuestKit */ = {isa = PBXFileReference; lastKnownFileType = wrapper; name = QuestKit; path = ../QuestKit; sourceTree = "<group>"; };
		D39DDA0D29FD83FA001FB62C /* Appearance.swift */ = {isa = PBXFileReference; lastKnownFileType = sourcecode.swift; path = Appearance.swift; sourceTree = "<group>"; };
		D3A362382AACC834008B997C /* sortGames.swift */ = {isa = PBXFileReference; lastKnownFileType = sourcecode.swift; path = sortGames.swift; sourceTree = "<group>"; };
		D3A3623A2AACC8A1008B997C /* getRandomGame.swift */ = {isa = PBXFileReference; lastKnownFileType = sourcecode.swift; path = getRandomGame.swift; sourceTree = "<group>"; };
		D3A3623C2AACCBA3008B997C /* codableArray.swift */ = {isa = PBXFileReference; lastKnownFileType = sourcecode.swift; path = codableArray.swift; sourceTree = "<group>"; };
		D3A3623F2AACCD0E008B997C /* isValidStatus.swift */ = {isa = PBXFileReference; lastKnownFileType = sourcecode.swift; path = isValidStatus.swift; sourceTree = "<group>"; };
		D3A362412AACCD6C008B997C /* setFilteredGames.swift */ = {isa = PBXFileReference; lastKnownFileType = sourcecode.swift; path = setFilteredGames.swift; sourceTree = "<group>"; };
		D3AC823D2A8A908200E0784F /* API.swift */ = {isa = PBXFileReference; lastKnownFileType = sourcecode.swift; path = API.swift; sourceTree = "<group>"; };
		D3AE29E929E4BDB1000CA2D4 /* QuestLogger.app */ = {isa = PBXFileReference; explicitFileType = wrapper.application; includeInIndex = 0; path = QuestLogger.app; sourceTree = BUILT_PRODUCTS_DIR; };
		D3AE29EC29E4BDB1000CA2D4 /* GameBuddyApp.swift */ = {isa = PBXFileReference; lastKnownFileType = sourcecode.swift; path = GameBuddyApp.swift; sourceTree = "<group>"; };
		D3AE29F029E4BDB2000CA2D4 /* Assets.xcassets */ = {isa = PBXFileReference; lastKnownFileType = folder.assetcatalog; path = Assets.xcassets; sourceTree = "<group>"; };
		D3AE29F329E4BDB2000CA2D4 /* Preview Assets.xcassets */ = {isa = PBXFileReference; lastKnownFileType = folder.assetcatalog; path = "Preview Assets.xcassets"; sourceTree = "<group>"; };
		D3BF03962AABAC8600BC03EA /* PlatformPickerView.swift */ = {isa = PBXFileReference; lastKnownFileType = sourcecode.swift; path = PlatformPickerView.swift; sourceTree = "<group>"; };
		D3C2E8B52A966E6100566E0B /* MenuBar.swift */ = {isa = PBXFileReference; lastKnownFileType = sourcecode.swift; path = MenuBar.swift; sourceTree = "<group>"; };
		D3CB948C2A9D688200CE27C2 /* Library.swift */ = {isa = PBXFileReference; lastKnownFileType = sourcecode.swift; path = Library.swift; sourceTree = "<group>"; };
		D3CE56AE2A93A7A400EA71EF /* EditGameView.swift */ = {isa = PBXFileReference; lastKnownFileType = sourcecode.swift; path = EditGameView.swift; sourceTree = "<group>"; };
		D3D817CA29E6BC1000C010A1 /* SearchView.swift */ = {isa = PBXFileReference; lastKnownFileType = sourcecode.swift; path = SearchView.swift; sourceTree = "<group>"; };
		D3D817CC29E6BCEF00C010A1 /* GameDetailView.swift */ = {isa = PBXFileReference; lastKnownFileType = sourcecode.swift; path = GameDetailView.swift; sourceTree = "<group>"; };
		D3EA2D1B29F8583B003320E9 /* Game Buddy.entitlements */ = {isa = PBXFileReference; lastKnownFileType = text.plist.entitlements; path = "Game Buddy.entitlements"; sourceTree = "<group>"; };
		D3F9342A29FAA3890046585A /* StatusMenuView.swift */ = {isa = PBXFileReference; lastKnownFileType = sourcecode.swift; path = StatusMenuView.swift; sourceTree = "<group>"; };
		D3F9342D29FAAE6D0046585A /* ContentView.swift */ = {isa = PBXFileReference; lastKnownFileType = sourcecode.swift; path = ContentView.swift; sourceTree = "<group>"; };
		D3F9343029FAAEBC0046585A /* Collection.swift */ = {isa = PBXFileReference; lastKnownFileType = sourcecode.swift; path = Collection.swift; sourceTree = "<group>"; };
		D3F9343229FAAF0B0046585A /* GlobalState.swift */ = {isa = PBXFileReference; lastKnownFileType = sourcecode.swift; path = GlobalState.swift; sourceTree = "<group>"; };
/* End PBXFileReference section */

/* Begin PBXFrameworksBuildPhase section */
		D3AE29E629E4BDB1000CA2D4 /* Frameworks */ = {
			isa = PBXFrameworksBuildPhase;
			buildActionMask = 2147483647;
			files = (
				D3384A1229E988AF00586931 /* CachedAsyncImage in Frameworks */,
				D35F9AB42A9B8B7E00AFEDAC /* QuestKit in Frameworks */,
				D3A24C162AAA6B9700583E47 /* PopupView in Frameworks */,
				D38E663D2A97A1300030026F /* MarkdownUI in Frameworks */,
			);
			runOnlyForDeploymentPostprocessing = 0;
		};
/* End PBXFrameworksBuildPhase section */

/* Begin PBXGroup section */
		D346C94329E8BF880096D2E9 /* Utilities */ = {
			isa = PBXGroup;
			children = (
				D3A3623E2AACCCB7008B997C /* Library */,
				D35F9AAF2A9AFD3A00AFEDAC /* formatDate.swift */,
			);
			path = Utilities;
			sourceTree = "<group>";
		};
		D35785AC29F98DE00065493F /* Search */ = {
			isa = PBXGroup;
			children = (
				D34F147B2AD62F2700D1EA98 /* NewGameView.swift */,
				D3D817CA29E6BC1000C010A1 /* SearchView.swift */,
			);
			path = Search;
			sourceTree = "<group>";
		};
		D35785AD29F98E090065493F /* Game */ = {
			isa = PBXGroup;
			children = (
				D332AF4829E6EB0000ADD896 /* GameCoverView.swift */,
				D3D817CC29E6BCEF00C010A1 /* GameDetailView.swift */,
				D3CE56AE2A93A7A400EA71EF /* EditGameView.swift */,
			);
			path = Game;
			sourceTree = "<group>";
		};
		D35785AF29F98E440065493F /* Settings */ = {
			isa = PBXGroup;
			children = (
				D3BF03992AABAD5C00BC03EA /* Panes */,
				D33CBEE629E83C83007531DB /* SettingsView.swift */,
			);
			path = Settings;
			sourceTree = "<group>";
		};
		D35C8C6429FB66C000EC3A7F /* Extensions */ = {
			isa = PBXGroup;
			children = (
				D330E7212A00805C00011782 /* prettyShadow.swift */,
				D3A3623C2AACCBA3008B997C /* codableArray.swift */,
			);
			path = Extensions;
			sourceTree = "<group>";
		};
		D397BC1F2A9A4FFF00FB8963 /* Packages */ = {
			isa = PBXGroup;
			children = (
				D397BC212A9A552A00FB8963 /* QuestKit */,
			);
			name = Packages;
			sourceTree = "<group>";
		};
		D397BC222A9A555200FB8963 /* Frameworks */ = {
			isa = PBXGroup;
			children = (
			);
			name = Frameworks;
			sourceTree = "<group>";
		};
		D3A3623E2AACCCB7008B997C /* Library */ = {
			isa = PBXGroup;
			children = (
				D3A3623A2AACC8A1008B997C /* getRandomGame.swift */,
				D3A362382AACC834008B997C /* sortGames.swift */,
				D35F9AAE2A9AFD3A00AFEDAC /* gameExistsInCollection.swift */,
				D3A3623F2AACCD0E008B997C /* isValidStatus.swift */,
				D3A362412AACCD6C008B997C /* setFilteredGames.swift */,
			);
			path = Library;
			sourceTree = "<group>";
		};
		D3AE29E029E4BDB1000CA2D4 = {
			isa = PBXGroup;
			children = (
				D397BC1F2A9A4FFF00FB8963 /* Packages */,
				D3AE29EB29E4BDB1000CA2D4 /* Game Buddy */,
				D3AE29EA29E4BDB1000CA2D4 /* Products */,
				D397BC222A9A555200FB8963 /* Frameworks */,
			);
			sourceTree = "<group>";
		};
		D3AE29EA29E4BDB1000CA2D4 /* Products */ = {
			isa = PBXGroup;
			children = (
				D3AE29E929E4BDB1000CA2D4 /* QuestLogger.app */,
			);
			name = Products;
			sourceTree = "<group>";
		};
		D3AE29EB29E4BDB1000CA2D4 /* Game Buddy */ = {
			isa = PBXGroup;
			children = (
				D3EA2D1B29F8583B003320E9 /* Game Buddy.entitlements */,
				D319ACF129EC56B200998371 /* Localizable.strings */,
				D3AE29EC29E4BDB1000CA2D4 /* GameBuddyApp.swift */,
				D3C2E8B52A966E6100566E0B /* MenuBar.swift */,
				D3AE29F029E4BDB2000CA2D4 /* Assets.xcassets */,
				D35C8C6429FB66C000EC3A7F /* Extensions */,
				D346C94329E8BF880096D2E9 /* Utilities */,
				D3F9342F29FAAE970046585A /* View Models */,
				D3D817C929E6BBFA00C010A1 /* Views */,
				D3AE29F229E4BDB2000CA2D4 /* Preview Content */,
			);
			path = "Game Buddy";
			sourceTree = "<group>";
		};
		D3AE29F229E4BDB2000CA2D4 /* Preview Content */ = {
			isa = PBXGroup;
			children = (
				D3AE29F329E4BDB2000CA2D4 /* Preview Assets.xcassets */,
			);
			path = "Preview Content";
			sourceTree = "<group>";
		};
		D3BF03982AABACBF00BC03EA /* Shared */ = {
			isa = PBXGroup;
			children = (
				D3390C4F2AA679DE00A93C72 /* ImgMaskRect.swift */,
				D30AE1522AA9595F00FDB655 /* StarRatingView.swift */,
				D3BF03962AABAC8600BC03EA /* PlatformPickerView.swift */,
				D3F9342A29FAA3890046585A /* StatusMenuView.swift */,
			);
			path = Shared;
			sourceTree = "<group>";
		};
		D3BF03992AABAD5C00BC03EA /* Panes */ = {
			isa = PBXGroup;
			children = (
				D3CB948C2A9D688200CE27C2 /* Library.swift */,
				D39DDA0D29FD83FA001FB62C /* Appearance.swift */,
				D3AC823D2A8A908200E0784F /* API.swift */,
			);
			path = Panes;
			sourceTree = "<group>";
		};
		D3D817C929E6BBFA00C010A1 /* Views */ = {
			isa = PBXGroup;
			children = (
				D3F9342D29FAAE6D0046585A /* ContentView.swift */,
				D34CC7372A91AA7300DF363F /* AboutView.swift */,
				D30800AC2A0743000068D4D1 /* SidebarView.swift */,
				D35785BA29F98FE90065493F /* FolderView.swift */,
				D3BF03982AABACBF00BC03EA /* Shared */,
				D35785AF29F98E440065493F /* Settings */,
				D35785AD29F98E090065493F /* Game */,
				D35785AC29F98DE00065493F /* Search */,
			);
			path = Views;
			sourceTree = "<group>";
		};
		D3F9342F29FAAE970046585A /* View Models */ = {
			isa = PBXGroup;
			children = (
				D3F9343029FAAEBC0046585A /* Collection.swift */,
				D3F9343229FAAF0B0046585A /* GlobalState.swift */,
			);
			path = "View Models";
			sourceTree = "<group>";
		};
/* End PBXGroup section */

/* Begin PBXNativeTarget section */
		D3AE29E829E4BDB1000CA2D4 /* QuestLogger */ = {
			isa = PBXNativeTarget;
			buildConfigurationList = D3AE29F729E4BDB2000CA2D4 /* Build configuration list for PBXNativeTarget "QuestLogger" */;
			buildPhases = (
				D3AE29E529E4BDB1000CA2D4 /* Sources */,
				D3AE29E629E4BDB1000CA2D4 /* Frameworks */,
				D3AE29E729E4BDB1000CA2D4 /* Resources */,
				D3E827CA2A05360D0038A92B /* ShellScript */,
			);
			buildRules = (
			);
			dependencies = (
			);
			name = QuestLogger;
			packageProductDependencies = (
				D3384A1129E988AF00586931 /* CachedAsyncImage */,
				D38E663C2A97A1300030026F /* MarkdownUI */,
				D35F9AB32A9B8B7E00AFEDAC /* QuestKit */,
				D3A24C152AAA6B9700583E47 /* PopupView */,
			);
			productName = "Game Buddy";
			productReference = D3AE29E929E4BDB1000CA2D4 /* QuestLogger.app */;
			productType = "com.apple.product-type.application";
		};
/* End PBXNativeTarget section */

/* Begin PBXProject section */
		D3AE29E129E4BDB1000CA2D4 /* Project object */ = {
			isa = PBXProject;
			attributes = {
				BuildIndependentTargetsInParallel = 1;
				LastSwiftUpdateCheck = 1430;
				LastUpgradeCheck = 1430;
				TargetAttributes = {
					D3AE29E829E4BDB1000CA2D4 = {
						CreatedOnToolsVersion = 14.3;
					};
				};
			};
			buildConfigurationList = D3AE29E429E4BDB1000CA2D4 /* Build configuration list for PBXProject "QuestLogger" */;
			compatibilityVersion = "Xcode 14.0";
			developmentRegion = en;
			hasScannedForEncodings = 0;
			knownRegions = (
				en,
				Base,
			);
			mainGroup = D3AE29E029E4BDB1000CA2D4;
			packageReferences = (
				D3384A1029E988AF00586931 /* XCRemoteSwiftPackageReference "swiftui-cached-async-image" */,
				D38E663B2A97A1300030026F /* XCRemoteSwiftPackageReference "swift-markdown-ui" */,
				D3A24C142AAA6B9700583E47 /* XCRemoteSwiftPackageReference "PopupView" */,
				D3DDBFDB2AFA7A3400D92764 /* XCRemoteSwiftPackageReference "SwiftUI-Introspect" */,
			);
			productRefGroup = D3AE29EA29E4BDB1000CA2D4 /* Products */;
			projectDirPath = "";
			projectRoot = "";
			targets = (
				D3AE29E829E4BDB1000CA2D4 /* QuestLogger */,
			);
		};
/* End PBXProject section */

/* Begin PBXResourcesBuildPhase section */
		D3AE29E729E4BDB1000CA2D4 /* Resources */ = {
			isa = PBXResourcesBuildPhase;
			buildActionMask = 2147483647;
			files = (
				D3AE29F429E4BDB2000CA2D4 /* Preview Assets.xcassets in Resources */,
				D319ACF229EC56B200998371 /* Localizable.strings in Resources */,
				D3AE29F129E4BDB2000CA2D4 /* Assets.xcassets in Resources */,
			);
			runOnlyForDeploymentPostprocessing = 0;
		};
/* End PBXResourcesBuildPhase section */

/* Begin PBXShellScriptBuildPhase section */
		D3E827CA2A05360D0038A92B /* ShellScript */ = {
			isa = PBXShellScriptBuildPhase;
			alwaysOutOfDate = 1;
			buildActionMask = 2147483647;
			files = (
			);
			inputFileListPaths = (
			);
			inputPaths = (
			);
			outputFileListPaths = (
			);
			outputPaths = (
			);
			runOnlyForDeploymentPostprocessing = 0;
			shellPath = /bin/sh;
			shellScript = "if [ \"${CONFIGURATION}\" = \"Release\" ]; then\n    buildNumber=$(git rev-list --count head)\n    /usr/libexec/PlistBuddy -c \"Set :CFBundleVersion $buildNumber\" \"${TARGET_BUILD_DIR}/${INFOPLIST_PATH}\"\nfi\n";
		};
/* End PBXShellScriptBuildPhase section */

/* Begin PBXSourcesBuildPhase section */
		D3AE29E529E4BDB1000CA2D4 /* Sources */ = {
			isa = PBXSourcesBuildPhase;
			buildActionMask = 2147483647;
			files = (
				D3F9342B29FAA3890046585A /* StatusMenuView.swift in Sources */,
				D3AE29ED29E4BDB1000CA2D4 /* GameBuddyApp.swift in Sources */,
				D35F9AB12A9AFD3A00AFEDAC /* formatDate.swift in Sources */,
				D39DDA0E29FD83FA001FB62C /* Appearance.swift in Sources */,
				D3CB948D2A9D688200CE27C2 /* Library.swift in Sources */,
				D3C2E8B62A966E6100566E0B /* MenuBar.swift in Sources */,
				D35785BB29F98FE90065493F /* FolderView.swift in Sources */,
				D3D817CB29E6BC1000C010A1 /* SearchView.swift in Sources */,
				D3BF03972AABAC8600BC03EA /* PlatformPickerView.swift in Sources */,
				D30800AD2A0743000068D4D1 /* SidebarView.swift in Sources */,
				D34F147C2AD62F2700D1EA98 /* NewGameView.swift in Sources */,
				D330E7222A00805C00011782 /* prettyShadow.swift in Sources */,
				D3CE56AF2A93A7A400EA71EF /* EditGameView.swift in Sources */,
				D3390C502AA679DE00A93C72 /* ImgMaskRect.swift in Sources */,
				D3A362392AACC834008B997C /* sortGames.swift in Sources */,
				D3A3623D2AACCBA3008B997C /* codableArray.swift in Sources */,
				D3F9343129FAAEBC0046585A /* Collection.swift in Sources */,
				D34CC7382A91AA7300DF363F /* AboutView.swift in Sources */,
				D35F9AB02A9AFD3A00AFEDAC /* gameExistsInCollection.swift in Sources */,
				D3D817CD29E6BCEF00C010A1 /* GameDetailView.swift in Sources */,
				D3F9342E29FAAE6D0046585A /* ContentView.swift in Sources */,
				D332AF4929E6EB0000ADD896 /* GameCoverView.swift in Sources */,
				D3A362422AACCD6C008B997C /* setFilteredGames.swift in Sources */,
				D3AC823E2A8A908200E0784F /* API.swift in Sources */,
				D3A3623B2AACC8A1008B997C /* getRandomGame.swift in Sources */,
				D3A362402AACCD0E008B997C /* isValidStatus.swift in Sources */,
				D3F9343329FAAF0B0046585A /* GlobalState.swift in Sources */,
				D30AE1532AA9595F00FDB655 /* StarRatingView.swift in Sources */,
				D33CBEE729E83C83007531DB /* SettingsView.swift in Sources */,
			);
			runOnlyForDeploymentPostprocessing = 0;
		};
/* End PBXSourcesBuildPhase section */

/* Begin XCBuildConfiguration section */
		D3AE29F529E4BDB2000CA2D4 /* Debug */ = {
			isa = XCBuildConfiguration;
			buildSettings = {
				ALWAYS_SEARCH_USER_PATHS = NO;
				CLANG_ANALYZER_NONNULL = YES;
				CLANG_ANALYZER_NUMBER_OBJECT_CONVERSION = YES_AGGRESSIVE;
				CLANG_CXX_LANGUAGE_STANDARD = "gnu++20";
				CLANG_ENABLE_MODULES = YES;
				CLANG_ENABLE_OBJC_ARC = YES;
				CLANG_ENABLE_OBJC_WEAK = YES;
				CLANG_WARN_BLOCK_CAPTURE_AUTORELEASING = YES;
				CLANG_WARN_BOOL_CONVERSION = YES;
				CLANG_WARN_COMMA = YES;
				CLANG_WARN_CONSTANT_CONVERSION = YES;
				CLANG_WARN_DEPRECATED_OBJC_IMPLEMENTATIONS = YES;
				CLANG_WARN_DIRECT_OBJC_ISA_USAGE = YES_ERROR;
				CLANG_WARN_DOCUMENTATION_COMMENTS = YES;
				CLANG_WARN_EMPTY_BODY = YES;
				CLANG_WARN_ENUM_CONVERSION = YES;
				CLANG_WARN_INFINITE_RECURSION = YES;
				CLANG_WARN_INT_CONVERSION = YES;
				CLANG_WARN_NON_LITERAL_NULL_CONVERSION = YES;
				CLANG_WARN_OBJC_IMPLICIT_RETAIN_SELF = YES;
				CLANG_WARN_OBJC_LITERAL_CONVERSION = YES;
				CLANG_WARN_OBJC_ROOT_CLASS = YES_ERROR;
				CLANG_WARN_QUOTED_INCLUDE_IN_FRAMEWORK_HEADER = YES;
				CLANG_WARN_RANGE_LOOP_ANALYSIS = YES;
				CLANG_WARN_STRICT_PROTOTYPES = YES;
				CLANG_WARN_SUSPICIOUS_MOVE = YES;
				CLANG_WARN_UNGUARDED_AVAILABILITY = YES_AGGRESSIVE;
				CLANG_WARN_UNREACHABLE_CODE = YES;
				CLANG_WARN__DUPLICATE_METHOD_MATCH = YES;
				COPY_PHASE_STRIP = NO;
				DEBUG_INFORMATION_FORMAT = dwarf;
				ENABLE_STRICT_OBJC_MSGSEND = YES;
				ENABLE_TESTABILITY = YES;
				GCC_C_LANGUAGE_STANDARD = gnu11;
				GCC_DYNAMIC_NO_PIC = NO;
				GCC_NO_COMMON_BLOCKS = YES;
				GCC_OPTIMIZATION_LEVEL = 0;
				GCC_PREPROCESSOR_DEFINITIONS = (
					"DEBUG=1",
					"$(inherited)",
				);
				GCC_WARN_64_TO_32_BIT_CONVERSION = YES;
				GCC_WARN_ABOUT_RETURN_TYPE = YES_ERROR;
				GCC_WARN_UNDECLARED_SELECTOR = YES;
				GCC_WARN_UNINITIALIZED_AUTOS = YES_AGGRESSIVE;
				GCC_WARN_UNUSED_FUNCTION = YES;
				GCC_WARN_UNUSED_VARIABLE = YES;
				IPHONEOS_DEPLOYMENT_TARGET = 16.4;
				MACOSX_DEPLOYMENT_TARGET = 13.0;
				MTL_ENABLE_DEBUG_INFO = INCLUDE_SOURCE;
				MTL_FAST_MATH = YES;
				ONLY_ACTIVE_ARCH = YES;
				SDKROOT = iphoneos;
				SWIFT_ACTIVE_COMPILATION_CONDITIONS = DEBUG;
				SWIFT_OPTIMIZATION_LEVEL = "-Onone";
			};
			name = Debug;
		};
		D3AE29F629E4BDB2000CA2D4 /* Release */ = {
			isa = XCBuildConfiguration;
			buildSettings = {
				ALWAYS_SEARCH_USER_PATHS = NO;
				CLANG_ANALYZER_NONNULL = YES;
				CLANG_ANALYZER_NUMBER_OBJECT_CONVERSION = YES_AGGRESSIVE;
				CLANG_CXX_LANGUAGE_STANDARD = "gnu++20";
				CLANG_ENABLE_MODULES = YES;
				CLANG_ENABLE_OBJC_ARC = YES;
				CLANG_ENABLE_OBJC_WEAK = YES;
				CLANG_WARN_BLOCK_CAPTURE_AUTORELEASING = YES;
				CLANG_WARN_BOOL_CONVERSION = YES;
				CLANG_WARN_COMMA = YES;
				CLANG_WARN_CONSTANT_CONVERSION = YES;
				CLANG_WARN_DEPRECATED_OBJC_IMPLEMENTATIONS = YES;
				CLANG_WARN_DIRECT_OBJC_ISA_USAGE = YES_ERROR;
				CLANG_WARN_DOCUMENTATION_COMMENTS = YES;
				CLANG_WARN_EMPTY_BODY = YES;
				CLANG_WARN_ENUM_CONVERSION = YES;
				CLANG_WARN_INFINITE_RECURSION = YES;
				CLANG_WARN_INT_CONVERSION = YES;
				CLANG_WARN_NON_LITERAL_NULL_CONVERSION = YES;
				CLANG_WARN_OBJC_IMPLICIT_RETAIN_SELF = YES;
				CLANG_WARN_OBJC_LITERAL_CONVERSION = YES;
				CLANG_WARN_OBJC_ROOT_CLASS = YES_ERROR;
				CLANG_WARN_QUOTED_INCLUDE_IN_FRAMEWORK_HEADER = YES;
				CLANG_WARN_RANGE_LOOP_ANALYSIS = YES;
				CLANG_WARN_STRICT_PROTOTYPES = YES;
				CLANG_WARN_SUSPICIOUS_MOVE = YES;
				CLANG_WARN_UNGUARDED_AVAILABILITY = YES_AGGRESSIVE;
				CLANG_WARN_UNREACHABLE_CODE = YES;
				CLANG_WARN__DUPLICATE_METHOD_MATCH = YES;
				COPY_PHASE_STRIP = NO;
				DEBUG_INFORMATION_FORMAT = "dwarf-with-dsym";
				ENABLE_NS_ASSERTIONS = NO;
				ENABLE_STRICT_OBJC_MSGSEND = YES;
				GCC_C_LANGUAGE_STANDARD = gnu11;
				GCC_NO_COMMON_BLOCKS = YES;
				GCC_WARN_64_TO_32_BIT_CONVERSION = YES;
				GCC_WARN_ABOUT_RETURN_TYPE = YES_ERROR;
				GCC_WARN_UNDECLARED_SELECTOR = YES;
				GCC_WARN_UNINITIALIZED_AUTOS = YES_AGGRESSIVE;
				GCC_WARN_UNUSED_FUNCTION = YES;
				GCC_WARN_UNUSED_VARIABLE = YES;
				IPHONEOS_DEPLOYMENT_TARGET = 16.4;
				MACOSX_DEPLOYMENT_TARGET = 13.0;
				MTL_ENABLE_DEBUG_INFO = NO;
				MTL_FAST_MATH = YES;
				SDKROOT = iphoneos;
				SWIFT_COMPILATION_MODE = wholemodule;
				SWIFT_OPTIMIZATION_LEVEL = "-O";
				VALIDATE_PRODUCT = YES;
			};
			name = Release;
		};
		D3AE29F829E4BDB2000CA2D4 /* Debug */ = {
			isa = XCBuildConfiguration;
			buildSettings = {
				ASSETCATALOG_COMPILER_APPICON_NAME = AppIcon;
				ASSETCATALOG_COMPILER_GLOBAL_ACCENT_COLOR_NAME = AccentColor;
				ASSETCATALOG_COMPILER_INCLUDE_ALL_APPICON_ASSETS = YES;
				CODE_SIGN_ENTITLEMENTS = "Game Buddy/Game Buddy.entitlements";
				CODE_SIGN_STYLE = Automatic;
				CURRENT_PROJECT_VERSION = 1;
				DEVELOPMENT_ASSET_PATHS = "\"Game Buddy/Preview Content\"";
				DEVELOPMENT_TEAM = B3DFV278UN;
				ENABLE_HARDENED_RUNTIME = YES;
				ENABLE_PREVIEWS = YES;
				GENERATE_INFOPLIST_FILE = YES;
				INFOPLIST_FILE = "QuestLogger-Info.plist";
				INFOPLIST_KEY_CFBundleDisplayName = QuestLogger;
				INFOPLIST_KEY_LSApplicationCategoryType = "public.app-category.entertainment";
				INFOPLIST_KEY_UIApplicationSceneManifest_Generation = YES;
				INFOPLIST_KEY_UIApplicationSupportsIndirectInputEvents = YES;
				INFOPLIST_KEY_UILaunchScreen_Generation = YES;
				INFOPLIST_KEY_UISupportedInterfaceOrientations = UIInterfaceOrientationPortrait;
				INFOPLIST_KEY_UISupportedInterfaceOrientations_iPad = "UIInterfaceOrientationLandscapeLeft UIInterfaceOrientationLandscapeRight UIInterfaceOrientationPortrait UIInterfaceOrientationPortraitUpsideDown";
				LD_RUNPATH_SEARCH_PATHS = (
					"$(inherited)",
					"@executable_path/Frameworks",
				);
				MACOSX_DEPLOYMENT_TARGET = 13.0;
				MARKETING_VERSION = 0.2.0;
				PRODUCT_BUNDLE_IDENTIFIER = com.ghall.dev.QuestLogger;
				PRODUCT_NAME = "$(TARGET_NAME)";
				SUPPORTED_PLATFORMS = macosx;
				SUPPORTS_MACCATALYST = NO;
				SUPPORTS_MAC_DESIGNED_FOR_IPHONE_IPAD = NO;
				SUPPORTS_XR_DESIGNED_FOR_IPHONE_IPAD = NO;
				SWIFT_EMIT_LOC_STRINGS = YES;
				SWIFT_VERSION = 5.0;
			};
			name = Debug;
		};
		D3AE29F929E4BDB2000CA2D4 /* Release */ = {
			isa = XCBuildConfiguration;
			buildSettings = {
				ASSETCATALOG_COMPILER_APPICON_NAME = AppIcon;
				ASSETCATALOG_COMPILER_GLOBAL_ACCENT_COLOR_NAME = AccentColor;
				ASSETCATALOG_COMPILER_INCLUDE_ALL_APPICON_ASSETS = YES;
				CODE_SIGN_ENTITLEMENTS = "Game Buddy/Game Buddy.entitlements";
				CODE_SIGN_STYLE = Automatic;
				CURRENT_PROJECT_VERSION = 1;
				DEVELOPMENT_ASSET_PATHS = "\"Game Buddy/Preview Content\"";
				DEVELOPMENT_TEAM = B3DFV278UN;
				ENABLE_HARDENED_RUNTIME = YES;
				ENABLE_PREVIEWS = YES;
				GENERATE_INFOPLIST_FILE = YES;
				INFOPLIST_FILE = "QuestLogger-Info.plist";
				INFOPLIST_KEY_CFBundleDisplayName = QuestLogger;
				INFOPLIST_KEY_LSApplicationCategoryType = "public.app-category.entertainment";
				INFOPLIST_KEY_UIApplicationSceneManifest_Generation = YES;
				INFOPLIST_KEY_UIApplicationSupportsIndirectInputEvents = YES;
				INFOPLIST_KEY_UILaunchScreen_Generation = YES;
				INFOPLIST_KEY_UISupportedInterfaceOrientations = UIInterfaceOrientationPortrait;
				INFOPLIST_KEY_UISupportedInterfaceOrientations_iPad = "UIInterfaceOrientationLandscapeLeft UIInterfaceOrientationLandscapeRight UIInterfaceOrientationPortrait UIInterfaceOrientationPortraitUpsideDown";
				LD_RUNPATH_SEARCH_PATHS = (
					"$(inherited)",
					"@executable_path/Frameworks",
				);
				MACOSX_DEPLOYMENT_TARGET = 13.0;
				MARKETING_VERSION = 0.2.0;
				PRODUCT_BUNDLE_IDENTIFIER = com.ghall.dev.QuestLogger;
				PRODUCT_NAME = "$(TARGET_NAME)";
				SUPPORTED_PLATFORMS = macosx;
				SUPPORTS_MACCATALYST = NO;
				SUPPORTS_MAC_DESIGNED_FOR_IPHONE_IPAD = NO;
				SUPPORTS_XR_DESIGNED_FOR_IPHONE_IPAD = NO;
				SWIFT_EMIT_LOC_STRINGS = YES;
				SWIFT_VERSION = 5.0;
			};
			name = Release;
		};
/* End XCBuildConfiguration section */

/* Begin XCConfigurationList section */
		D3AE29E429E4BDB1000CA2D4 /* Build configuration list for PBXProject "QuestLogger" */ = {
			isa = XCConfigurationList;
			buildConfigurations = (
				D3AE29F529E4BDB2000CA2D4 /* Debug */,
				D3AE29F629E4BDB2000CA2D4 /* Release */,
			);
			defaultConfigurationIsVisible = 0;
			defaultConfigurationName = Release;
		};
		D3AE29F729E4BDB2000CA2D4 /* Build configuration list for PBXNativeTarget "QuestLogger" */ = {
			isa = XCConfigurationList;
			buildConfigurations = (
				D3AE29F829E4BDB2000CA2D4 /* Debug */,
				D3AE29F929E4BDB2000CA2D4 /* Release */,
			);
			defaultConfigurationIsVisible = 0;
			defaultConfigurationName = Release;
		};
/* End XCConfigurationList section */

/* Begin XCRemoteSwiftPackageReference section */
		D3384A1029E988AF00586931 /* XCRemoteSwiftPackageReference "swiftui-cached-async-image" */ = {
			isa = XCRemoteSwiftPackageReference;
			repositoryURL = "https://github.com/lorenzofiamingo/swiftui-cached-async-image";
			requirement = {
				kind = upToNextMajorVersion;
				minimumVersion = 2.0.0;
			};
		};
		D38E663B2A97A1300030026F /* XCRemoteSwiftPackageReference "swift-markdown-ui" */ = {
			isa = XCRemoteSwiftPackageReference;
			repositoryURL = "https://github.com/gonzalezreal/swift-markdown-ui";
			requirement = {
				kind = upToNextMajorVersion;
				minimumVersion = 2.1.0;
			};
		};
		D3A24C142AAA6B9700583E47 /* XCRemoteSwiftPackageReference "PopupView" */ = {
			isa = XCRemoteSwiftPackageReference;
			repositoryURL = "https://github.com/exyte/PopupView";
			requirement = {
				kind = upToNextMajorVersion;
				minimumVersion = 2.0.0;
			};
		};
		D3DDBFDB2AFA7A3400D92764 /* XCRemoteSwiftPackageReference "SwiftUI-Introspect" */ = {
			isa = XCRemoteSwiftPackageReference;
			repositoryURL = "https://github.com/siteline/SwiftUI-Introspect";
			requirement = {
				kind = upToNextMajorVersion;
				minimumVersion = 1.1.1;
			};
		};
/* End XCRemoteSwiftPackageReference section */

/* Begin XCSwiftPackageProductDependency section */
		D3384A1129E988AF00586931 /* CachedAsyncImage */ = {
			isa = XCSwiftPackageProductDependency;
			package = D3384A1029E988AF00586931 /* XCRemoteSwiftPackageReference "swiftui-cached-async-image" */;
			productName = CachedAsyncImage;
		};
		D35F9AB32A9B8B7E00AFEDAC /* QuestKit */ = {
			isa = XCSwiftPackageProductDependency;
			productName = QuestKit;
		};
		D38E663C2A97A1300030026F /* MarkdownUI */ = {
			isa = XCSwiftPackageProductDependency;
			package = D38E663B2A97A1300030026F /* XCRemoteSwiftPackageReference "swift-markdown-ui" */;
			productName = MarkdownUI;
		};
		D3A24C152AAA6B9700583E47 /* PopupView */ = {
			isa = XCSwiftPackageProductDependency;
			package = D3A24C142AAA6B9700583E47 /* XCRemoteSwiftPackageReference "PopupView" */;
			productName = PopupView;
		};
/* End XCSwiftPackageProductDependency section */
	};
	rootObject = D3AE29E129E4BDB1000CA2D4 /* Project object */;
}
